
Microsoft Visual Studio Solution File, Format Version 12.00
# Visual Studio 15
VisualStudioVersion = 15.0.28010.2046
MinimumVisualStudioVersion = 10.0.40219.1
Project("{9A19103F-16F7-4668-BE54-9A1E7A4F7556}") = "BooksApplication", "BooksApplication\BooksApplication.csproj", "{3937A822-FB85-4852-945C-FC4EFE704971}"
EndProject
Project("{E53339B2-1760-4266-BCC7-CA923CBCF16C}") = "docker-compose", "docker-compose.dcproj", "{7F6BC2E8-6FAF-46F3-B9A3-35DC741D9767}"
EndProject
Global
	GlobalSection(SolutionConfigurationPlatforms) = preSolution
		Debug|Any CPU = Debug|Any CPU
		Release|Any CPU = Release|Any CPU
	EndGlobalSection
	GlobalSection(ProjectConfigurationPlatforms) = postSolution
		{3937A822-FB85-4852-945C-FC4EFE704971}.Debug|Any CPU.ActiveCfg = Debug|Any CPU
		{3937A822-FB85-4852-945C-FC4EFE704971}.Debug|Any CPU.Build.0 = Debug|Any CPU
		{3937A822-FB85-4852-945C-FC4EFE704971}.Release|Any CPU.ActiveCfg = Release|Any CPU
		{3937A822-FB85-4852-945C-FC4EFE704971}.Release|Any CPU.Build.0 = Release|Any CPU
		{7F6BC2E8-6FAF-46F3-B9A3-35DC741D9767}.Debug|Any CPU.ActiveCfg = Debug|Any CPU
		{7F6BC2E8-6FAF-46F3-B9A3-35DC741D9767}.Debug|Any CPU.Build.0 = Debug|Any CPU
		{7F6BC2E8-6FAF-46F3-B9A3-35DC741D9767}.Release|Any CPU.ActiveCfg = Release|Any CPU
		{7F6BC2E8-6FAF-46F3-B9A3-35DC741D9767}.Release|Any CPU.Build.0 = Release|Any CPU
	EndGlobalSection
	GlobalSection(SolutionProperties) = preSolution
		HideSolutionNode = FALSE
	EndGlobalSection
	GlobalSection(ExtensibilityGlobals) = postSolution
		SolutionGuid = {4C9316F7-EEC5-45A5-A1FF-4B694266BAA9}
	EndGlobalSection
EndGlobal
